
Microsoft Visual Studio Solution File, Format Version 12.00
# Visual Studio Version 17
VisualStudioVersion = 17.5.002.0
MinimumVisualStudioVersion = 10.0.40219.1
Project("{2150E333-8FDC-42A3-9474-1A3956D46DE8}") = "sandbox", "sandbox", "{F9B5ADC1-90A0-4803-97E7-7D2531C2AE13}"
EndProject
Project("{9A19103F-16F7-4668-BE54-9A1E7A4F7556}") = "sandbox_project", "sandbox\sandbox_project\sandbox_project.csproj", "{5AED7157-5E2C-4209-A777-EFB4DCC20F17}"
EndProject
Project("{2150E333-8FDC-42A3-9474-1A3956D46DE8}") = "week01", "week01", "{071C4469-3BC9-4CCC-A35D-6BB523841C43}"
EndProject
Project("{9A19103F-16F7-4668-BE54-9A1E7A4F7556}") = "analyze", "week01\analyze\analyze.csproj", "{9A31A43C-83E7-4DFA-A3F3-7A4A84708965}"
EndProject
Project("{9A19103F-16F7-4668-BE54-9A1E7A4F7556}") = "code", "week01\code\code.csproj", "{B8225B1D-1155-4AF1-BCAF-9898A33A6C0D}"
EndProject
Project("{9A19103F-16F7-4668-BE54-9A1E7A4F7556}") = "teach", "week01\teach\teach.csproj", "{3C879E21-2504-4C3A-B896-F93783BA8A2E}"
EndProject
Project("{2150E333-8FDC-42A3-9474-1A3956D46DE8}") = "week02", "week02", "{428A923E-66F5-4988-8A55-6B0F0E1583AB}"
EndProject
Project("{9A19103F-16F7-4668-BE54-9A1E7A4F7556}") = "analyze", "week02\analyze\analyze.csproj", "{CEDE39AA-E960-4DD4-8652-C37E4D4674BB}"
EndProject
Project("{9A19103F-16F7-4668-BE54-9A1E7A4F7556}") = "code", "week02\code\code.csproj", "{019E3A21-B5C5-4BC0-A0BD-B3DD98A46CD9}"
EndProject
Project("{9A19103F-16F7-4668-BE54-9A1E7A4F7556}") = "learn", "week02\learn\learn.csproj", "{E99E8082-1AA1-43AA-A53C-1AFE0940036C}"
EndProject
Project("{9A19103F-16F7-4668-BE54-9A1E7A4F7556}") = "teach", "week02\teach\teach.csproj", "{89EEB0B0-EF1D-4399-A03A-DBD11311B526}"
EndProject
Project("{2150E333-8FDC-42A3-9474-1A3956D46DE8}") = "week03", "week03", "{AA067829-1BB6-4E8C-A74F-75F28E0F89A4}"
EndProject
Project("{9A19103F-16F7-4668-BE54-9A1E7A4F7556}") = "code", "week03\code\code.csproj", "{9F9D3B96-440C-4889-A0E2-BC5783DDA465}"
EndProject
Project("{9A19103F-16F7-4668-BE54-9A1E7A4F7556}") = "learn", "week03\learn\learn.csproj", "{D7238F01-AB4A-4844-B764-BD2BD973B44A}"
EndProject
Project("{9A19103F-16F7-4668-BE54-9A1E7A4F7556}") = "teach", "week03\teach\teach.csproj", "{75457FD0-AB2F-4D2C-95A2-EA27752B9F19}"
EndProject
Project("{2150E333-8FDC-42A3-9474-1A3956D46DE8}") = "week04", "week04", "{5BF7DB77-3971-4C47-951A-C202C47A752B}"
EndProject
Project("{9A19103F-16F7-4668-BE54-9A1E7A4F7556}") = "code", "week04\code\code.csproj", "{84499E8E-34FA-46F1-A2DA-D4AEEE9F0D1F}"
EndProject
Project("{2150E333-8FDC-42A3-9474-1A3956D46DE8}") = "week05", "week05", "{828524B8-D339-46C8-ACA7-0920653243A8}"
EndProject
Project("{9A19103F-16F7-4668-BE54-9A1E7A4F7556}") = "code", "week05\code\code.csproj", "{C87BD37C-A9B9-44C0-A20F-CBC892B21B37}"
EndProject
Project("{2150E333-8FDC-42A3-9474-1A3956D46DE8}") = "week06", "week06", "{5514F00F-9CAF-44E4-9F15-7A3F77620771}"
EndProject
Project("{9A19103F-16F7-4668-BE54-9A1E7A4F7556}") = "code", "week06\code\code.csproj", "{342D6776-7C33-4EDF-BB16-65E54D97F6EB}"
EndProject
Global
	GlobalSection(SolutionConfigurationPlatforms) = preSolution
		Debug|Any CPU = Debug|Any CPU
		Release|Any CPU = Release|Any CPU
	EndGlobalSection
	GlobalSection(ProjectConfigurationPlatforms) = postSolution
		{5AED7157-5E2C-4209-A777-EFB4DCC20F17}.Debug|Any CPU.ActiveCfg = Debug|Any CPU
		{5AED7157-5E2C-4209-A777-EFB4DCC20F17}.Debug|Any CPU.Build.0 = Debug|Any CPU
		{5AED7157-5E2C-4209-A777-EFB4DCC20F17}.Release|Any CPU.ActiveCfg = Release|Any CPU
		{5AED7157-5E2C-4209-A777-EFB4DCC20F17}.Release|Any CPU.Build.0 = Release|Any CPU
		{9A31A43C-83E7-4DFA-A3F3-7A4A84708965}.Debug|Any CPU.ActiveCfg = Debug|Any CPU
		{9A31A43C-83E7-4DFA-A3F3-7A4A84708965}.Debug|Any CPU.Build.0 = Debug|Any CPU
		{9A31A43C-83E7-4DFA-A3F3-7A4A84708965}.Release|Any CPU.ActiveCfg = Release|Any CPU
		{9A31A43C-83E7-4DFA-A3F3-7A4A84708965}.Release|Any CPU.Build.0 = Release|Any CPU
		{B8225B1D-1155-4AF1-BCAF-9898A33A6C0D}.Debug|Any CPU.ActiveCfg = Debug|Any CPU
		{B8225B1D-1155-4AF1-BCAF-9898A33A6C0D}.Debug|Any CPU.Build.0 = Debug|Any CPU
		{B8225B1D-1155-4AF1-BCAF-9898A33A6C0D}.Release|Any CPU.ActiveCfg = Release|Any CPU
		{B8225B1D-1155-4AF1-BCAF-9898A33A6C0D}.Release|Any CPU.Build.0 = Release|Any CPU
		{3C879E21-2504-4C3A-B896-F93783BA8A2E}.Debug|Any CPU.ActiveCfg = Debug|Any CPU
		{3C879E21-2504-4C3A-B896-F93783BA8A2E}.Debug|Any CPU.Build.0 = Debug|Any CPU
		{3C879E21-2504-4C3A-B896-F93783BA8A2E}.Release|Any CPU.ActiveCfg = Release|Any CPU
		{3C879E21-2504-4C3A-B896-F93783BA8A2E}.Release|Any CPU.Build.0 = Release|Any CPU
		{CEDE39AA-E960-4DD4-8652-C37E4D4674BB}.Debug|Any CPU.ActiveCfg = Debug|Any CPU
		{CEDE39AA-E960-4DD4-8652-C37E4D4674BB}.Debug|Any CPU.Build.0 = Debug|Any CPU
		{CEDE39AA-E960-4DD4-8652-C37E4D4674BB}.Release|Any CPU.ActiveCfg = Release|Any CPU
		{CEDE39AA-E960-4DD4-8652-C37E4D4674BB}.Release|Any CPU.Build.0 = Release|Any CPU
		{019E3A21-B5C5-4BC0-A0BD-B3DD98A46CD9}.Debug|Any CPU.ActiveCfg = Debug|Any CPU
		{019E3A21-B5C5-4BC0-A0BD-B3DD98A46CD9}.Debug|Any CPU.Build.0 = Debug|Any CPU
		{019E3A21-B5C5-4BC0-A0BD-B3DD98A46CD9}.Release|Any CPU.ActiveCfg = Release|Any CPU
		{019E3A21-B5C5-4BC0-A0BD-B3DD98A46CD9}.Release|Any CPU.Build.0 = Release|Any CPU
		{E99E8082-1AA1-43AA-A53C-1AFE0940036C}.Debug|Any CPU.ActiveCfg = Debug|Any CPU
		{E99E8082-1AA1-43AA-A53C-1AFE0940036C}.Debug|Any CPU.Build.0 = Debug|Any CPU
		{E99E8082-1AA1-43AA-A53C-1AFE0940036C}.Release|Any CPU.ActiveCfg = Release|Any CPU
		{E99E8082-1AA1-43AA-A53C-1AFE0940036C}.Release|Any CPU.Build.0 = Release|Any CPU
		{89EEB0B0-EF1D-4399-A03A-DBD11311B526}.Debug|Any CPU.ActiveCfg = Debug|Any CPU
		{89EEB0B0-EF1D-4399-A03A-DBD11311B526}.Debug|Any CPU.Build.0 = Debug|Any CPU
		{89EEB0B0-EF1D-4399-A03A-DBD11311B526}.Release|Any CPU.ActiveCfg = Release|Any CPU
		{89EEB0B0-EF1D-4399-A03A-DBD11311B526}.Release|Any CPU.Build.0 = Release|Any CPU
		{9F9D3B96-440C-4889-A0E2-BC5783DDA465}.Debug|Any CPU.ActiveCfg = Debug|Any CPU
		{9F9D3B96-440C-4889-A0E2-BC5783DDA465}.Debug|Any CPU.Build.0 = Debug|Any CPU
		{9F9D3B96-440C-4889-A0E2-BC5783DDA465}.Release|Any CPU.ActiveCfg = Release|Any CPU
		{9F9D3B96-440C-4889-A0E2-BC5783DDA465}.Release|Any CPU.Build.0 = Release|Any CPU
		{D7238F01-AB4A-4844-B764-BD2BD973B44A}.Debug|Any CPU.ActiveCfg = Debug|Any CPU
		{D7238F01-AB4A-4844-B764-BD2BD973B44A}.Debug|Any CPU.Build.0 = Debug|Any CPU
		{D7238F01-AB4A-4844-B764-BD2BD973B44A}.Release|Any CPU.ActiveCfg = Release|Any CPU
		{D7238F01-AB4A-4844-B764-BD2BD973B44A}.Release|Any CPU.Build.0 = Release|Any CPU
		{75457FD0-AB2F-4D2C-95A2-EA27752B9F19}.Debug|Any CPU.ActiveCfg = Debug|Any CPU
		{75457FD0-AB2F-4D2C-95A2-EA27752B9F19}.Debug|Any CPU.Build.0 = Debug|Any CPU
		{75457FD0-AB2F-4D2C-95A2-EA27752B9F19}.Release|Any CPU.ActiveCfg = Release|Any CPU
		{75457FD0-AB2F-4D2C-95A2-EA27752B9F19}.Release|Any CPU.Build.0 = Release|Any CPU
		{84499E8E-34FA-46F1-A2DA-D4AEEE9F0D1F}.Debug|Any CPU.ActiveCfg = Debug|Any CPU
		{84499E8E-34FA-46F1-A2DA-D4AEEE9F0D1F}.Debug|Any CPU.Build.0 = Debug|Any CPU
		{84499E8E-34FA-46F1-A2DA-D4AEEE9F0D1F}.Release|Any CPU.ActiveCfg = Release|Any CPU
		{84499E8E-34FA-46F1-A2DA-D4AEEE9F0D1F}.Release|Any CPU.Build.0 = Release|Any CPU
		{C87BD37C-A9B9-44C0-A20F-CBC892B21B37}.Debug|Any CPU.ActiveCfg = Debug|Any CPU
		{C87BD37C-A9B9-44C0-A20F-CBC892B21B37}.Debug|Any CPU.Build.0 = Debug|Any CPU
		{C87BD37C-A9B9-44C0-A20F-CBC892B21B37}.Release|Any CPU.ActiveCfg = Release|Any CPU
		{C87BD37C-A9B9-44C0-A20F-CBC892B21B37}.Release|Any CPU.Build.0 = Release|Any CPU
		{342D6776-7C33-4EDF-BB16-65E54D97F6EB}.Debug|Any CPU.ActiveCfg = Debug|Any CPU
		{342D6776-7C33-4EDF-BB16-65E54D97F6EB}.Debug|Any CPU.Build.0 = Debug|Any CPU
		{342D6776-7C33-4EDF-BB16-65E54D97F6EB}.Release|Any CPU.ActiveCfg = Release|Any CPU
		{342D6776-7C33-4EDF-BB16-65E54D97F6EB}.Release|Any CPU.Build.0 = Release|Any CPU
	EndGlobalSection
	GlobalSection(SolutionProperties) = preSolution
		HideSolutionNode = FALSE
	EndGlobalSection
	GlobalSection(NestedProjects) = preSolution
		{5AED7157-5E2C-4209-A777-EFB4DCC20F17} = {F9B5ADC1-90A0-4803-97E7-7D2531C2AE13}
		{9A31A43C-83E7-4DFA-A3F3-7A4A84708965} = {071C4469-3BC9-4CCC-A35D-6BB523841C43}
		{B8225B1D-1155-4AF1-BCAF-9898A33A6C0D} = {071C4469-3BC9-4CCC-A35D-6BB523841C43}
		{3C879E21-2504-4C3A-B896-F93783BA8A2E} = {071C4469-3BC9-4CCC-A35D-6BB523841C43}
		{CEDE39AA-E960-4DD4-8652-C37E4D4674BB} = {428A923E-66F5-4988-8A55-6B0F0E1583AB}
		{019E3A21-B5C5-4BC0-A0BD-B3DD98A46CD9} = {428A923E-66F5-4988-8A55-6B0F0E1583AB}
		{E99E8082-1AA1-43AA-A53C-1AFE0940036C} = {428A923E-66F5-4988-8A55-6B0F0E1583AB}
		{89EEB0B0-EF1D-4399-A03A-DBD11311B526} = {428A923E-66F5-4988-8A55-6B0F0E1583AB}
		{9F9D3B96-440C-4889-A0E2-BC5783DDA465} = {AA067829-1BB6-4E8C-A74F-75F28E0F89A4}
		{D7238F01-AB4A-4844-B764-BD2BD973B44A} = {AA067829-1BB6-4E8C-A74F-75F28E0F89A4}
		{75457FD0-AB2F-4D2C-95A2-EA27752B9F19} = {AA067829-1BB6-4E8C-A74F-75F28E0F89A4}
		{84499E8E-34FA-46F1-A2DA-D4AEEE9F0D1F} = {5BF7DB77-3971-4C47-951A-C202C47A752B}
		{C87BD37C-A9B9-44C0-A20F-CBC892B21B37} = {828524B8-D339-46C8-ACA7-0920653243A8}
		{342D6776-7C33-4EDF-BB16-65E54D97F6EB} = {5514F00F-9CAF-44E4-9F15-7A3F77620771}
	EndGlobalSection
	GlobalSection(ExtensibilityGlobals) = postSolution
		SolutionGuid = {9747CB6A-3AC7-4158-BC5F-CFAE7137B79B}
	EndGlobalSection
EndGlobal
